// !$*UTF8*$!
{
	archiveVersion = 1;
	classes = {
	};
	objectVersion = 56;
	objects = {

/* Begin PBXBuildFile section */
		B9230E562B1F94E50003FA96 /* DetailViewController.swift in Sources */ = {isa = PBXBuildFile; fileRef = B9230E552B1F94E50003FA96 /* DetailViewController.swift */; };
		B92BAC832B1D7033003E9E8A /* CollegeTableViewCell.swift in Sources */ = {isa = PBXBuildFile; fileRef = B92BAC822B1D7033003E9E8A /* CollegeTableViewCell.swift */; };
		B93C16E62B1EDC600064F9EB /* SDWebImage in Frameworks */ = {isa = PBXBuildFile; productRef = B93C16E52B1EDC600064F9EB /* SDWebImage */; };
		B93C16E82B1EDC600064F9EB /* SDWebImageMapKit in Frameworks */ = {isa = PBXBuildFile; productRef = B93C16E72B1EDC600064F9EB /* SDWebImageMapKit */; };
		B97827D52B1BF36E00975637 /* AppDelegate.swift in Sources */ = {isa = PBXBuildFile; fileRef = B97827D42B1BF36E00975637 /* AppDelegate.swift */; };
		B97827D72B1BF36E00975637 /* SceneDelegate.swift in Sources */ = {isa = PBXBuildFile; fileRef = B97827D62B1BF36E00975637 /* SceneDelegate.swift */; };
		B97827D92B1BF36E00975637 /* ViewController.swift in Sources */ = {isa = PBXBuildFile; fileRef = B97827D82B1BF36E00975637 /* ViewController.swift */; };
		B97827DC2B1BF36E00975637 /* Main.storyboard in Resources */ = {isa = PBXBuildFile; fileRef = B97827DA2B1BF36E00975637 /* Main.storyboard */; };
		B97827DE2B1BF37000975637 /* Assets.xcassets in Resources */ = {isa = PBXBuildFile; fileRef = B97827DD2B1BF37000975637 /* Assets.xcassets */; };
		B97827E12B1BF37000975637 /* LaunchScreen.storyboard in Resources */ = {isa = PBXBuildFile; fileRef = B97827DF2B1BF37000975637 /* LaunchScreen.storyboard */; };
		B97827E92B1C04EC00975637 /* Constants.swift in Sources */ = {isa = PBXBuildFile; fileRef = B97827E82B1C04EC00975637 /* Constants.swift */; };
		B97827EB2B1C0ADF00975637 /* Model.swift in Sources */ = {isa = PBXBuildFile; fileRef = B97827EA2B1C0ADF00975637 /* Model.swift */; };
		B97827ED2B1C0F2C00975637 /* Response.swift in Sources */ = {isa = PBXBuildFile; fileRef = B97827EC2B1C0F2C00975637 /* Response.swift */; };
		B97827EF2B1C129900975637 /* Schools.swift in Sources */ = {isa = PBXBuildFile; fileRef = B97827EE2B1C129900975637 /* Schools.swift */; };
/* End PBXBuildFile section */

/* Begin PBXFileReference section */
		B9230E552B1F94E50003FA96 /* DetailViewController.swift */ = {isa = PBXFileReference; lastKnownFileType = sourcecode.swift; path = DetailViewController.swift; sourceTree = "<group>"; };
		B92BAC822B1D7033003E9E8A /* CollegeTableViewCell.swift */ = {isa = PBXFileReference; lastKnownFileType = sourcecode.swift; path = CollegeTableViewCell.swift; sourceTree = "<group>"; };
		B97827D12B1BF36E00975637 /* college-scorecard.app */ = {isa = PBXFileReference; explicitFileType = wrapper.application; includeInIndex = 0; path = "college-scorecard.app"; sourceTree = BUILT_PRODUCTS_DIR; };
		B97827D42B1BF36E00975637 /* AppDelegate.swift */ = {isa = PBXFileReference; lastKnownFileType = sourcecode.swift; path = AppDelegate.swift; sourceTree = "<group>"; };
		B97827D62B1BF36E00975637 /* SceneDelegate.swift */ = {isa = PBXFileReference; lastKnownFileType = sourcecode.swift; path = SceneDelegate.swift; sourceTree = "<group>"; };
		B97827D82B1BF36E00975637 /* ViewController.swift */ = {isa = PBXFileReference; lastKnownFileType = sourcecode.swift; path = ViewController.swift; sourceTree = "<group>"; };
		B97827DB2B1BF36E00975637 /* Base */ = {isa = PBXFileReference; lastKnownFileType = file.storyboard; name = Base; path = Base.lproj/Main.storyboard; sourceTree = "<group>"; };
		B97827DD2B1BF37000975637 /* Assets.xcassets */ = {isa = PBXFileReference; lastKnownFileType = folder.assetcatalog; path = Assets.xcassets; sourceTree = "<group>"; };
		B97827E02B1BF37000975637 /* Base */ = {isa = PBXFileReference; lastKnownFileType = file.storyboard; name = Base; path = Base.lproj/LaunchScreen.storyboard; sourceTree = "<group>"; };
		B97827E22B1BF37000975637 /* Info.plist */ = {isa = PBXFileReference; lastKnownFileType = text.plist.xml; path = Info.plist; sourceTree = "<group>"; };
		B97827E82B1C04EC00975637 /* Constants.swift */ = {isa = PBXFileReference; lastKnownFileType = sourcecode.swift; path = Constants.swift; sourceTree = "<group>"; };
		B97827EA2B1C0ADF00975637 /* Model.swift */ = {isa = PBXFileReference; lastKnownFileType = sourcecode.swift; path = Model.swift; sourceTree = "<group>"; };
		B97827EC2B1C0F2C00975637 /* Response.swift */ = {isa = PBXFileReference; lastKnownFileType = sourcecode.swift; path = Response.swift; sourceTree = "<group>"; };
		B97827EE2B1C129900975637 /* Schools.swift */ = {isa = PBXFileReference; lastKnownFileType = sourcecode.swift; path = Schools.swift; sourceTree = "<group>"; };
/* End PBXFileReference section */

/* Begin PBXFrameworksBuildPhase section */
		B97827CE2B1BF36E00975637 /* Frameworks */ = {
			isa = PBXFrameworksBuildPhase;
			buildActionMask = 2147483647;
			files = (
				B93C16E82B1EDC600064F9EB /* SDWebImageMapKit in Frameworks */,
				B93C16E62B1EDC600064F9EB /* SDWebImage in Frameworks */,
			);
			runOnlyForDeploymentPostprocessing = 0;
		};
/* End PBXFrameworksBuildPhase section */

/* Begin PBXGroup section */
		B97827C82B1BF36E00975637 = {
			isa = PBXGroup;
			children = (
				B97827D32B1BF36E00975637 /* college-scorecard */,
				B97827D22B1BF36E00975637 /* Products */,
			);
			sourceTree = "<group>";
		};
		B97827D22B1BF36E00975637 /* Products */ = {
			isa = PBXGroup;
			children = (
				B97827D12B1BF36E00975637 /* college-scorecard.app */,
			);
			name = Products;
			sourceTree = "<group>";
		};
		B97827D32B1BF36E00975637 /* college-scorecard */ = {
			isa = PBXGroup;
			children = (
				B97827D62B1BF36E00975637 /* SceneDelegate.swift */,
				B97827D42B1BF36E00975637 /* AppDelegate.swift */,
				B97827E22B1BF37000975637 /* Info.plist */,
				B97827F32B1C231D00975637 /* Views */,
				B97827F22B1C230E00975637 /* Storyboards */,
				B97827F12B1C230500975637 /* Models */,
				B97827F02B1C22F100975637 /* Helpers */,
			);
			path = "college-scorecard";
			sourceTree = "<group>";
		};
		B97827F02B1C22F100975637 /* Helpers */ = {
			isa = PBXGroup;
			children = (
				B97827E82B1C04EC00975637 /* Constants.swift */,
			);
			path = Helpers;
			sourceTree = "<group>";
		};
		B97827F12B1C230500975637 /* Models */ = {
			isa = PBXGroup;
			children = (
				B97827EE2B1C129900975637 /* Schools.swift */,
				B97827EC2B1C0F2C00975637 /* Response.swift */,
				B97827EA2B1C0ADF00975637 /* Model.swift */,
			);
			path = Models;
			sourceTree = "<group>";
		};
		B97827F22B1C230E00975637 /* Storyboards */ = {
			isa = PBXGroup;
			children = (
				B97827DA2B1BF36E00975637 /* Main.storyboard */,
				B97827DF2B1BF37000975637 /* LaunchScreen.storyboard */,
			);
			path = Storyboards;
			sourceTree = "<group>";
		};
		B97827F32B1C231D00975637 /* Views */ = {
			isa = PBXGroup;
			children = (
				B97827DD2B1BF37000975637 /* Assets.xcassets */,
				B97827D82B1BF36E00975637 /* ViewController.swift */,
				B92BAC822B1D7033003E9E8A /* CollegeTableViewCell.swift */,
				B9230E552B1F94E50003FA96 /* DetailViewController.swift */,
			);
			path = Views;
			sourceTree = "<group>";
		};
/* End PBXGroup section */

/* Begin PBXNativeTarget section */
		B97827D02B1BF36E00975637 /* college-scorecard */ = {
			isa = PBXNativeTarget;
			buildConfigurationList = B97827E52B1BF37000975637 /* Build configuration list for PBXNativeTarget "college-scorecard" */;
			buildPhases = (
				B97827CD2B1BF36E00975637 /* Sources */,
				B97827CE2B1BF36E00975637 /* Frameworks */,
				B97827CF2B1BF36E00975637 /* Resources */,
			);
			buildRules = (
			);
			dependencies = (
			);
			name = "college-scorecard";
			packageProductDependencies = (
				B93C16E52B1EDC600064F9EB /* SDWebImage */,
				B93C16E72B1EDC600064F9EB /* SDWebImageMapKit */,
			);
			productName = "college-scorecard";
			productReference = B97827D12B1BF36E00975637 /* college-scorecard.app */;
			productType = "com.apple.product-type.application";
		};
/* End PBXNativeTarget section */

/* Begin PBXProject section */
		B97827C92B1BF36E00975637 /* Project object */ = {
			isa = PBXProject;
			attributes = {
				BuildIndependentTargetsInParallel = 1;
				LastSwiftUpdateCheck = 1500;
				LastUpgradeCheck = 1500;
				TargetAttributes = {
					B97827D02B1BF36E00975637 = {
						CreatedOnToolsVersion = 15.0.1;
					};
				};
			};
			buildConfigurationList = B97827CC2B1BF36E00975637 /* Build configuration list for PBXProject "college-scorecard" */;
			compatibilityVersion = "Xcode 14.0";
			developmentRegion = en;
			hasScannedForEncodings = 0;
			knownRegions = (
				en,
				Base,
			);
			mainGroup = B97827C82B1BF36E00975637;
			packageReferences = (
				B93C16E42B1EDC600064F9EB /* XCRemoteSwiftPackageReference "SDWebImage" */,
			);
			productRefGroup = B97827D22B1BF36E00975637 /* Products */;
			projectDirPath = "";
			projectRoot = "";
			targets = (
				B97827D02B1BF36E00975637 /* college-scorecard */,
			);
		};
/* End PBXProject section */

/* Begin PBXResourcesBuildPhase section */
		B97827CF2B1BF36E00975637 /* Resources */ = {
			isa = PBXResourcesBuildPhase;
			buildActionMask = 2147483647;
			files = (
				B97827E12B1BF37000975637 /* LaunchScreen.storyboard in Resources */,
				B97827DE2B1BF37000975637 /* Assets.xcassets in Resources */,
				B97827DC2B1BF36E00975637 /* Main.storyboard in Resources */,
			);
			runOnlyForDeploymentPostprocessing = 0;
		};
/* End PBXResourcesBuildPhase section */

/* Begin PBXSourcesBuildPhase section */
		B97827CD2B1BF36E00975637 /* Sources */ = {
			isa = PBXSourcesBuildPhase;
			buildActionMask = 2147483647;
			files = (
				B9230E562B1F94E50003FA96 /* DetailViewController.swift in Sources */,
				B97827EB2B1C0ADF00975637 /* Model.swift in Sources */,
				B97827D92B1BF36E00975637 /* ViewController.swift in Sources */,
				B97827EF2B1C129900975637 /* Schools.swift in Sources */,
				B92BAC832B1D7033003E9E8A /* CollegeTableViewCell.swift in Sources */,
				B97827D52B1BF36E00975637 /* AppDelegate.swift in Sources */,
				B97827D72B1BF36E00975637 /* SceneDelegate.swift in Sources */,
				B97827ED2B1C0F2C00975637 /* Response.swift in Sources */,
				B97827E92B1C04EC00975637 /* Constants.swift in Sources */,
			);
			runOnlyForDeploymentPostprocessing = 0;
		};
/* End PBXSourcesBuildPhase section */

/* Begin PBXVariantGroup section */
		B97827DA2B1BF36E00975637 /* Main.storyboard */ = {
			isa = PBXVariantGroup;
			children = (
				B97827DB2B1BF36E00975637 /* Base */,
			);
			name = Main.storyboard;
			sourceTree = "<group>";
		};
		B97827DF2B1BF37000975637 /* LaunchScreen.storyboard */ = {
			isa = PBXVariantGroup;
			children = (
				B97827E02B1BF37000975637 /* Base */,
			);
			name = LaunchScreen.storyboard;
			sourceTree = "<group>";
		};
/* End PBXVariantGroup section */

/* Begin XCBuildConfiguration section */
		B97827E32B1BF37000975637 /* Debug */ = {
			isa = XCBuildConfiguration;
			buildSettings = {
				ALWAYS_SEARCH_USER_PATHS = NO;
				ASSETCATALOG_COMPILER_GENERATE_SWIFT_ASSET_SYMBOL_EXTENSIONS = YES;
				CLANG_ANALYZER_NONNULL = YES;
				CLANG_ANALYZER_NUMBER_OBJECT_CONVERSION = YES_AGGRESSIVE;
				CLANG_CXX_LANGUAGE_STANDARD = "gnu++20";
				CLANG_ENABLE_MODULES = YES;
				CLANG_ENABLE_OBJC_ARC = YES;
				CLANG_ENABLE_OBJC_WEAK = YES;
				CLANG_WARN_BLOCK_CAPTURE_AUTORELEASING = YES;
				CLANG_WARN_BOOL_CONVERSION = YES;
				CLANG_WARN_COMMA = YES;
				CLANG_WARN_CONSTANT_CONVERSION = YES;
				CLANG_WARN_DEPRECATED_OBJC_IMPLEMENTATIONS = YES;
				CLANG_WARN_DIRECT_OBJC_ISA_USAGE = YES_ERROR;
				CLANG_WARN_DOCUMENTATION_COMMENTS = YES;
				CLANG_WARN_EMPTY_BODY = YES;
				CLANG_WARN_ENUM_CONVERSION = YES;
				CLANG_WARN_INFINITE_RECURSION = YES;
				CLANG_WARN_INT_CONVERSION = YES;
				CLANG_WARN_NON_LITERAL_NULL_CONVERSION = YES;
				CLANG_WARN_OBJC_IMPLICIT_RETAIN_SELF = YES;
				CLANG_WARN_OBJC_LITERAL_CONVERSION = YES;
				CLANG_WARN_OBJC_ROOT_CLASS = YES_ERROR;
				CLANG_WARN_QUOTED_INCLUDE_IN_FRAMEWORK_HEADER = YES;
				CLANG_WARN_RANGE_LOOP_ANALYSIS = YES;
				CLANG_WARN_STRICT_PROTOTYPES = YES;
				CLANG_WARN_SUSPICIOUS_MOVE = YES;
				CLANG_WARN_UNGUARDED_AVAILABILITY = YES_AGGRESSIVE;
				CLANG_WARN_UNREACHABLE_CODE = YES;
				CLANG_WARN__DUPLICATE_METHOD_MATCH = YES;
				COPY_PHASE_STRIP = NO;
				DEBUG_INFORMATION_FORMAT = dwarf;
				ENABLE_STRICT_OBJC_MSGSEND = YES;
				ENABLE_TESTABILITY = YES;
				ENABLE_USER_SCRIPT_SANDBOXING = YES;
				GCC_C_LANGUAGE_STANDARD = gnu17;
				GCC_DYNAMIC_NO_PIC = NO;
				GCC_NO_COMMON_BLOCKS = YES;
				GCC_OPTIMIZATION_LEVEL = 0;
				GCC_PREPROCESSOR_DEFINITIONS = (
					"DEBUG=1",
					"$(inherited)",
				);
				GCC_WARN_64_TO_32_BIT_CONVERSION = YES;
				GCC_WARN_ABOUT_RETURN_TYPE = YES_ERROR;
				GCC_WARN_UNDECLARED_SELECTOR = YES;
				GCC_WARN_UNINITIALIZED_AUTOS = YES_AGGRESSIVE;
				GCC_WARN_UNUSED_FUNCTION = YES;
				GCC_WARN_UNUSED_VARIABLE = YES;
				IPHONEOS_DEPLOYMENT_TARGET = 17.0;
				LOCALIZATION_PREFERS_STRING_CATALOGS = YES;
				MTL_ENABLE_DEBUG_INFO = INCLUDE_SOURCE;
				MTL_FAST_MATH = YES;
				ONLY_ACTIVE_ARCH = YES;
				SDKROOT = iphoneos;
				SWIFT_ACTIVE_COMPILATION_CONDITIONS = "DEBUG $(inherited)";
				SWIFT_OPTIMIZATION_LEVEL = "-Onone";
			};
			name = Debug;
		};
		B97827E42B1BF37000975637 /* Release */ = {
			isa = XCBuildConfiguration;
			buildSettings = {
				ALWAYS_SEARCH_USER_PATHS = NO;
				ASSETCATALOG_COMPILER_GENERATE_SWIFT_ASSET_SYMBOL_EXTENSIONS = YES;
				CLANG_ANALYZER_NONNULL = YES;
				CLANG_ANALYZER_NUMBER_OBJECT_CONVERSION = YES_AGGRESSIVE;
				CLANG_CXX_LANGUAGE_STANDARD = "gnu++20";
				CLANG_ENABLE_MODULES = YES;
				CLANG_ENABLE_OBJC_ARC = YES;
				CLANG_ENABLE_OBJC_WEAK = YES;
				CLANG_WARN_BLOCK_CAPTURE_AUTORELEASING = YES;
				CLANG_WARN_BOOL_CONVERSION = YES;
				CLANG_WARN_COMMA = YES;
				CLANG_WARN_CONSTANT_CONVERSION = YES;
				CLANG_WARN_DEPRECATED_OBJC_IMPLEMENTATIONS = YES;
				CLANG_WARN_DIRECT_OBJC_ISA_USAGE = YES_ERROR;
				CLANG_WARN_DOCUMENTATION_COMMENTS = YES;
				CLANG_WARN_EMPTY_BODY = YES;
				CLANG_WARN_ENUM_CONVERSION = YES;
				CLANG_WARN_INFINITE_RECURSION = YES;
				CLANG_WARN_INT_CONVERSION = YES;
				CLANG_WARN_NON_LITERAL_NULL_CONVERSION = YES;
				CLANG_WARN_OBJC_IMPLICIT_RETAIN_SELF = YES;
				CLANG_WARN_OBJC_LITERAL_CONVERSION = YES;
				CLANG_WARN_OBJC_ROOT_CLASS = YES_ERROR;
				CLANG_WARN_QUOTED_INCLUDE_IN_FRAMEWORK_HEADER = YES;
				CLANG_WARN_RANGE_LOOP_ANALYSIS = YES;
				CLANG_WARN_STRICT_PROTOTYPES = YES;
				CLANG_WARN_SUSPICIOUS_MOVE = YES;
				CLANG_WARN_UNGUARDED_AVAILABILITY = YES_AGGRESSIVE;
				CLANG_WARN_UNREACHABLE_CODE = YES;
				CLANG_WARN__DUPLICATE_METHOD_MATCH = YES;
				COPY_PHASE_STRIP = NO;
				DEBUG_INFORMATION_FORMAT = "dwarf-with-dsym";
				ENABLE_NS_ASSERTIONS = NO;
				ENABLE_STRICT_OBJC_MSGSEND = YES;
				ENABLE_USER_SCRIPT_SANDBOXING = YES;
				GCC_C_LANGUAGE_STANDARD = gnu17;
				GCC_NO_COMMON_BLOCKS = YES;
				GCC_WARN_64_TO_32_BIT_CONVERSION = YES;
				GCC_WARN_ABOUT_RETURN_TYPE = YES_ERROR;
				GCC_WARN_UNDECLARED_SELECTOR = YES;
				GCC_WARN_UNINITIALIZED_AUTOS = YES_AGGRESSIVE;
				GCC_WARN_UNUSED_FUNCTION = YES;
				GCC_WARN_UNUSED_VARIABLE = YES;
				IPHONEOS_DEPLOYMENT_TARGET = 17.0;
				LOCALIZATION_PREFERS_STRING_CATALOGS = YES;
				MTL_ENABLE_DEBUG_INFO = NO;
				MTL_FAST_MATH = YES;
				SDKROOT = iphoneos;
				SWIFT_COMPILATION_MODE = wholemodule;
				VALIDATE_PRODUCT = YES;
			};
			name = Release;
		};
		B97827E62B1BF37000975637 /* Debug */ = {
			isa = XCBuildConfiguration;
			buildSettings = {
				ASSETCATALOG_COMPILER_APPICON_NAME = AppIcon;
				ASSETCATALOG_COMPILER_GLOBAL_ACCENT_COLOR_NAME = AccentColor;
				CODE_SIGN_STYLE = Automatic;
				CURRENT_PROJECT_VERSION = 1;
				DEVELOPMENT_TEAM = AZ8U56QJD4;
				GENERATE_INFOPLIST_FILE = YES;
				INFOPLIST_FILE = "college-scorecard/Info.plist";
				INFOPLIST_KEY_UIApplicationSupportsIndirectInputEvents = YES;
				INFOPLIST_KEY_UILaunchStoryboardName = LaunchScreen;
				INFOPLIST_KEY_UIMainStoryboardFile = Main;
				INFOPLIST_KEY_UISupportedInterfaceOrientations_iPad = "UIInterfaceOrientationPortrait UIInterfaceOrientationPortraitUpsideDown UIInterfaceOrientationLandscapeLeft UIInterfaceOrientationLandscapeRight";
				INFOPLIST_KEY_UISupportedInterfaceOrientations_iPhone = "UIInterfaceOrientationPortrait UIInterfaceOrientationLandscapeLeft UIInterfaceOrientationLandscapeRight";
				LD_RUNPATH_SEARCH_PATHS = (
					"$(inherited)",
					"@executable_path/Frameworks",
				);
				MARKETING_VERSION = 1.0;
				PRODUCT_BUNDLE_IDENTIFIER = "com.conyersc.college-scorecard";
				PRODUCT_NAME = "$(TARGET_NAME)";
				SWIFT_EMIT_LOC_STRINGS = YES;
				SWIFT_VERSION = 5.0;
				TARGETED_DEVICE_FAMILY = "1,2";
			};
			name = Debug;
		};
		B97827E72B1BF37000975637 /* Release */ = {
			isa = XCBuildConfiguration;
			buildSettings = {
				ASSETCATALOG_COMPILER_APPICON_NAME = AppIcon;
				ASSETCATALOG_COMPILER_GLOBAL_ACCENT_COLOR_NAME = AccentColor;
				CODE_SIGN_STYLE = Automatic;
				CURRENT_PROJECT_VERSION = 1;
				DEVELOPMENT_TEAM = AZ8U56QJD4;
				GENERATE_INFOPLIST_FILE = YES;
				INFOPLIST_FILE = "college-scorecard/Info.plist";
				INFOPLIST_KEY_UIApplicationSupportsIndirectInputEvents = YES;
				INFOPLIST_KEY_UILaunchStoryboardName = LaunchScreen;
				INFOPLIST_KEY_UIMainStoryboardFile = Main;
				INFOPLIST_KEY_UISupportedInterfaceOrientations_iPad = "UIInterfaceOrientationPortrait UIInterfaceOrientationPortraitUpsideDown UIInterfaceOrientationLandscapeLeft UIInterfaceOrientationLandscapeRight";
				INFOPLIST_KEY_UISupportedInterfaceOrientations_iPhone = "UIInterfaceOrientationPortrait UIInterfaceOrientationLandscapeLeft UIInterfaceOrientationLandscapeRight";
				LD_RUNPATH_SEARCH_PATHS = (
					"$(inherited)",
					"@executable_path/Frameworks",
				);
				MARKETING_VERSION = 1.0;
				PRODUCT_BUNDLE_IDENTIFIER = "com.conyersc.college-scorecard";
				PRODUCT_NAME = "$(TARGET_NAME)";
				SWIFT_EMIT_LOC_STRINGS = YES;
				SWIFT_VERSION = 5.0;
				TARGETED_DEVICE_FAMILY = "1,2";
			};
			name = Release;
		};
/* End XCBuildConfiguration section */

/* Begin XCConfigurationList section */
		B97827CC2B1BF36E00975637 /* Build configuration list for PBXProject "college-scorecard" */ = {
			isa = XCConfigurationList;
			buildConfigurations = (
				B97827E32B1BF37000975637 /* Debug */,
				B97827E42B1BF37000975637 /* Release */,
			);
			defaultConfigurationIsVisible = 0;
			defaultConfigurationName = Release;
		};
		B97827E52B1BF37000975637 /* Build configuration list for PBXNativeTarget "college-scorecard" */ = {
			isa = XCConfigurationList;
			buildConfigurations = (
				B97827E62B1BF37000975637 /* Debug */,
				B97827E72B1BF37000975637 /* Release */,
			);
			defaultConfigurationIsVisible = 0;
			defaultConfigurationName = Release;
		};
/* End XCConfigurationList section */

/* Begin XCRemoteSwiftPackageReference section */
		B93C16E42B1EDC600064F9EB /* XCRemoteSwiftPackageReference "SDWebImage" */ = {
			isa = XCRemoteSwiftPackageReference;
			repositoryURL = "https://github.com/SDWebImage/SDWebImage";
			requirement = {
				kind = upToNextMajorVersion;
				minimumVersion = 5.18.5;
			};
		};
/* End XCRemoteSwiftPackageReference section */

/* Begin XCSwiftPackageProductDependency section */
		B93C16E52B1EDC600064F9EB /* SDWebImage */ = {
			isa = XCSwiftPackageProductDependency;
			package = B93C16E42B1EDC600064F9EB /* XCRemoteSwiftPackageReference "SDWebImage" */;
			productName = SDWebImage;
		};
		B93C16E72B1EDC600064F9EB /* SDWebImageMapKit */ = {
			isa = XCSwiftPackageProductDependency;
			package = B93C16E42B1EDC600064F9EB /* XCRemoteSwiftPackageReference "SDWebImage" */;
			productName = SDWebImageMapKit;
		};
/* End XCSwiftPackageProductDependency section */
	};
	rootObject = B97827C92B1BF36E00975637 /* Project object */;
}
